<?xml version="1.0" encoding="utf-8"?>
<Project ToolsVersion="4.0" xmlns="http://schemas.microsoft.com/developer/msbuild/2003">
  <ItemGroup>
    <Filter Include="Source Files">
      <UniqueIdentifier>{4FC737F1-C7A5-4376-A066-2A32D752A2FF}</UniqueIdentifier>
      <Extensions>cpp;c;cc;cxx;def;odl;idl;hpj;bat;asm;asmx</Extensions>
    </Filter>
    <Filter Include="Resource Files">
      <UniqueIdentifier>{67DA6AB6-F800-4c08-8B7A-83BB121AAD01}</UniqueIdentifier>
      <Extensions>rc;ico;cur;bmp;dlg;rc2;rct;bin;rgs;gif;jpg;jpeg;jpe;resx;tiff;tif;png;wav;mfcribbon-ms</Extensions>
    </Filter>
    <Filter Include="Resource Files\Fonts">
      <UniqueIdentifier>{00297afe-836e-407f-b062-bfc8984413c9}</UniqueIdentifier>
    </Filter>
    <Filter Include="Resource Files\Shaders">
      <UniqueIdentifier>{e679e637-6b21-4c10-86ff-61d687a5c24b}</UniqueIdentifier>
    </Filter>
    <Filter Include="Resource Files\Textures">
      <UniqueIdentifier>{c8bd389e-a10b-4db4-a29b-92cd33665f77}</UniqueIdentifier>
    </Filter>
    <Filter Include="Engine">
      <UniqueIdentifier>{b14cb1bc-f11b-41b0-a632-d726e78a6de2}</UniqueIdentifier>
    </Filter>
    <Filter Include="Engine\Graphics">
      <UniqueIdentifier>{72c3fb59-d1c6-4380-8046-f869a00503d8}</UniqueIdentifier>
    </Filter>
    <Filter Include="Engine\Graphics\cpp">
      <UniqueIdentifier>{8c26ac25-f237-4a68-a915-40bb47ac6af6}</UniqueIdentifier>
    </Filter>
    <Filter Include="Engine\Graphics\header">
      <UniqueIdentifier>{424acab1-d99c-43a8-9a1d-c23f0f089a47}</UniqueIdentifier>
    </Filter>
    <Filter Include="Engine\Game">
      <UniqueIdentifier>{4829412b-a034-430b-a6c6-d8ac5b064cff}</UniqueIdentifier>
    </Filter>
    <Filter Include="Engine\Game\cpp">
      <UniqueIdentifier>{794a0cea-5eaf-4149-b202-04ba729229af}</UniqueIdentifier>
    </Filter>
    <Filter Include="Engine\Game\header">
      <UniqueIdentifier>{5c83f89f-2aa7-4ed9-8aa7-d9a82c52be70}</UniqueIdentifier>
    </Filter>
  </ItemGroup>
  <ItemGroup>
    <ClCompile Include="Main.cpp">
      <Filter>Source Files</Filter>
    </ClCompile>
    <ClCompile Include="ResourceManager.cpp">
      <Filter>Engine\Graphics\cpp</Filter>
    </ClCompile>
    <ClCompile Include="PlayerObject.cpp">
      <Filter>Engine\Game\cpp</Filter>
    </ClCompile>
    <ClCompile Include="Shader.cpp">
      <Filter>Engine\Graphics\cpp</Filter>
    </ClCompile>
    <ClCompile Include="SpriteRenderer.cpp">
      <Filter>Engine\Graphics\cpp</Filter>
    </ClCompile>
    <ClCompile Include="TextRenderer.cpp">
      <Filter>Engine\Graphics\cpp</Filter>
    </ClCompile>
    <ClCompile Include="Texture.cpp">
      <Filter>Engine\Graphics\cpp</Filter>
    </ClCompile>
    <ClCompile Include="ProjectileObject.cpp">
      <Filter>Engine\Game\cpp</Filter>
    </ClCompile>
    <ClCompile Include="GameObject.cpp">
      <Filter>Engine\Game\cpp</Filter>
    </ClCompile>
    <ClCompile Include="Game.cpp">
      <Filter>Engine\Game</Filter>
    </ClCompile>
  </ItemGroup>
  <ItemGroup>
    <ClInclude Include="ResourceManager.h">
      <Filter>Engine\Game\header</Filter>
    </ClInclude>
    <ClInclude Include="PlayerObject.h">
      <Filter>Engine\Game\header</Filter>
    </ClInclude>
    <ClInclude Include="Texture.h">
      <Filter>Engine\Graphics\header</Filter>
    </ClInclude>
    <ClInclude Include="Shader.h">
      <Filter>Engine\Graphics\header</Filter>
    </ClInclude>
    <ClInclude Include="SpriteRenderer.h">
      <Filter>Engine\Graphics\header</Filter>
    </ClInclude>
    <ClInclude Include="TextRenderer.h">
      <Filter>Engine\Graphics\header</Filter>
    </ClInclude>
    <ClInclude Include="ProjectileObject.h">
      <Filter>Engine\Game\header</Filter>
    </ClInclude>
    <ClInclude Include="GameObject.h">
      <Filter>Engine\Game\header</Filter>
    </ClInclude>
    <ClInclude Include="Game.h">
      <Filter>Engine\Game</Filter>
    </ClInclude>
  </ItemGroup>
  <ItemGroup>
    <None Include="Resources\Shaders\SpriteFrag.fs">
      <Filter>Resource Files\Shaders</Filter>
    </None>
    <None Include="Resources\Shaders\SpriteVert.vs">
      <Filter>Resource Files\Shaders</Filter>
    </None>
    <None Include="Resources\Shaders\textFragmentShader.fs">
      <Filter>Resource Files\Shaders</Filter>
    </None>
    <None Include="Resources\Shaders\textVertexShader.vs">
      <Filter>Resource Files\Shaders</Filter>
    </None>
  </ItemGroup>
  <ItemGroup>
    <Font Include="Resources\Fonts\ariblk.ttf">
      <Filter>Resource Files\Fonts</Filter>
    </Font>
    <Font Include="Resources\Fonts\ARCADEPI.TTF">
      <Filter>Resource Files\Fonts</Filter>
    </Font>
    <Font Include="Resources\Fonts\arial.ttf">
      <Filter>Resource Files\Fonts</Filter>
    </Font>
    <Font Include="Resources\Fonts\arialbd.ttf">
      <Filter>Resource Files\Fonts</Filter>
    </Font>
    <Font Include="Resources\Fonts\arialbi.ttf">
      <Filter>Resource Files\Fonts</Filter>
    </Font>
    <Font Include="Resources\Fonts\ariali.ttf">
      <Filter>Resource Files\Fonts</Filter>
    </Font>
  </ItemGroup>
  <ItemGroup>
    <Image Include="Resources\Textures\ship.png">
      <Filter>Resource Files\Textures</Filter>
    </Image>
    <Image Include="Resources\Textures\triangleold.png">
      <Filter>Resource Files\Textures</Filter>
    </Image>
    <Image Include="Resources\Textures\ship - Copy.png">
      <Filter>Resource Files\Textures</Filter>
    </Image>
    <Image Include="Resources\Textures\trianglefull.png">
      <Filter>Resource Files\Textures</Filter>
    </Image>
    <Image Include="Resources\Textures\awesomeface.png">
      <Filter>Resource Files\Textures</Filter>
    </Image>
  </ItemGroup>
</Project>