
Microsoft Visual Studio Solution File, Format Version 12.00
# Visual Studio Version 16
VisualStudioVersion = 16.0.29503.13
MinimumVisualStudioVersion = 10.0.40219.1
Project("{8BC9CEB8-8B4A-11D0-8D11-00A0C91BC942}") = "BulletHellGame", "BulletHellGame.vcxproj", "{72E2C172-B9C1-40B9-AEE5-308A4209674F}"
EndProject
Global
	GlobalSection(SolutionConfigurationPlatforms) = preSolution
		Debug|x64 = Debug|x64
		Debug|x86 = Debug|x86
		Release|x64 = Release|x64
		Release|x86 = Release|x86
	EndGlobalSection
	GlobalSection(ProjectConfigurationPlatforms) = postSolution
		{72E2C172-B9C1-40B9-AEE5-308A4209674F}.Debug|x64.ActiveCfg = Debug|x64
		{72E2C172-B9C1-40B9-AEE5-308A4209674F}.Debug|x64.Build.0 = Debug|x64
		{72E2C172-B9C1-40B9-AEE5-308A4209674F}.Debug|x86.ActiveCfg = Debug|Win32
		{72E2C172-B9C1-40B9-AEE5-308A4209674F}.Debug|x86.Build.0 = Debug|Win32
		{72E2C172-B9C1-40B9-AEE5-308A4209674F}.Release|x64.ActiveCfg = Release|x64
		{72E2C172-B9C1-40B9-AEE5-308A4209674F}.Release|x64.Build.0 = Release|x64
		{72E2C172-B9C1-40B9-AEE5-308A4209674F}.Release|x86.ActiveCfg = Release|Win32
		{72E2C172-B9C1-40B9-AEE5-308A4209674F}.Release|x86.Build.0 = Release|Win32
	EndGlobalSection
	GlobalSection(SolutionProperties) = preSolution
		HideSolutionNode = FALSE
	EndGlobalSection
	GlobalSection(ExtensibilityGlobals) = postSolution
		SolutionGuid = {39522A76-8DB3-45AD-BBAE-B5991CFEEC2F}
	EndGlobalSection
EndGlobal
